{
  "version": 4,
  "terraform_version": "0.12.20",
  "serial": 3,
  "lineage": "26a25b79-459d-27ae-5983-35afe5380014",
  "outputs": {},
  "resources": [
    {
      "mode": "managed",
      "type": "aws_vpc",
      "name": "main",
      "provider": "provider.aws",
      "instances": [
        {
          "schema_version": 1,
          "attributes": {
            "arn": "arn:aws:ec2:ap-south-1:398919315041:vpc/vpc-04683339b6c84bcc9",
            "assign_generated_ipv6_cidr_block": false,
            "cidr_block": "10.0.0.0/16",
            "default_network_acl_id": "acl-0a361a3c2b254b00d",
            "default_route_table_id": "rtb-03ea2bd650f902ca0",
            "default_security_group_id": "sg-063650aeb622c255d",
            "dhcp_options_id": "dopt-9ba44cf0",
            "enable_classiclink": null,
            "enable_classiclink_dns_support": null,
            "enable_dns_hostnames": false,
            "enable_dns_support": true,
            "id": "vpc-04683339b6c84bcc9",
            "instance_tenancy": "default",
            "ipv6_association_id": "",
            "ipv6_cidr_block": "",
            "main_route_table_id": "rtb-03ea2bd650f902ca0",
            "owner_id": "398919315041",
            "tags": {
              "Batch": "weekend",
              "Name": "git212",
              "location": "Banglore"
            }
          },
          "private": "eyJzY2hlbWFfdmVyc2lvbiI6IjEifQ=="
        }
      ]
    }
  ]
}
